// !$*UTF8*$!
{
	archiveVersion = 1;
	classes = {
	};
	objectVersion = 50;
	objects = {

/* Begin PBXBuildFile section */
		C6110D20BCB3EC50CFB6BFA5 /* Pods_CreditScoreTests.framework in Frameworks */ = {isa = PBXBuildFile; fileRef = 2FA51D993D06AA68D0520406 /* Pods_CreditScoreTests.framework */; };
		C61E807C22D5B4F6009D1566 /* CreditReportInfoEntity.swift in Sources */ = {isa = PBXBuildFile; fileRef = C61E807B22D5B4F6009D1566 /* CreditReportInfoEntity.swift */; };
		C61E807E22D5B508009D1566 /* CoachingSummary.swift in Sources */ = {isa = PBXBuildFile; fileRef = C61E807D22D5B508009D1566 /* CoachingSummary.swift */; };
		C61E808122D5B551009D1566 /* Print.swift in Sources */ = {isa = PBXBuildFile; fileRef = C61E808022D5B551009D1566 /* Print.swift */; };
		C61E808622D5B71F009D1566 /* RemoteDataSource.swift in Sources */ = {isa = PBXBuildFile; fileRef = C61E808522D5B71F009D1566 /* RemoteDataSource.swift */; };
		C61E808822D5B745009D1566 /* RemoteDataSourceProtocol.swift in Sources */ = {isa = PBXBuildFile; fileRef = C61E808722D5B745009D1566 /* RemoteDataSourceProtocol.swift */; };
		C61E808C22D5B7F8009D1566 /* CreditScoreProvider.swift in Sources */ = {isa = PBXBuildFile; fileRef = C61E808B22D5B7F8009D1566 /* CreditScoreProvider.swift */; };
		C61E808E22D5B803009D1566 /* CreditScoreProviderProtocol.swift in Sources */ = {isa = PBXBuildFile; fileRef = C61E808D22D5B803009D1566 /* CreditScoreProviderProtocol.swift */; };
		C61E809122D5B8AD009D1566 /* CreditScoreMapper.swift in Sources */ = {isa = PBXBuildFile; fileRef = C61E809022D5B8AD009D1566 /* CreditScoreMapper.swift */; };
		C61E809422D5BBE9009D1566 /* CreditScore.swift in Sources */ = {isa = PBXBuildFile; fileRef = C61E809322D5BBE9009D1566 /* CreditScore.swift */; };
		C61E809722D5BC96009D1566 /* LoadCreditScoreUseCase.swift in Sources */ = {isa = PBXBuildFile; fileRef = C61E809622D5BC96009D1566 /* LoadCreditScoreUseCase.swift */; };
		C61E809A22D5BCA5009D1566 /* LoadCreditScoreUseCaseProtocol.swift in Sources */ = {isa = PBXBuildFile; fileRef = C61E809922D5BCA5009D1566 /* LoadCreditScoreUseCaseProtocol.swift */; };
		C61E809C22D5BE0E009D1566 /* BaseUseCase.swift in Sources */ = {isa = PBXBuildFile; fileRef = C61E809B22D5BE0E009D1566 /* BaseUseCase.swift */; };
		C61E809E22D5BE2F009D1566 /* NetworkProvider.swift in Sources */ = {isa = PBXBuildFile; fileRef = C61E809D22D5BE2F009D1566 /* NetworkProvider.swift */; };
		C61E80A022D5BE58009D1566 /* NetworkProviderProtocol.swift in Sources */ = {isa = PBXBuildFile; fileRef = C61E809F22D5BE58009D1566 /* NetworkProviderProtocol.swift */; };
		C61E80A722D5C081009D1566 /* CreditScoreViewController.swift in Sources */ = {isa = PBXBuildFile; fileRef = C61E80A622D5C081009D1566 /* CreditScoreViewController.swift */; };
		C61E80AB22D5C0D7009D1566 /* CreditScoreView.swift in Sources */ = {isa = PBXBuildFile; fileRef = C61E80AA22D5C0D7009D1566 /* CreditScoreView.swift */; };
		C61E80AD22D5C0DE009D1566 /* CreditScoreView.xib in Resources */ = {isa = PBXBuildFile; fileRef = C61E80AC22D5C0DE009D1566 /* CreditScoreView.xib */; };
		C61E80AF22D5C0F6009D1566 /* BaseView.swift in Sources */ = {isa = PBXBuildFile; fileRef = C61E80AE22D5C0F6009D1566 /* BaseView.swift */; };
		C61E80B322D5C19B009D1566 /* CreditScoreViewController.xib in Resources */ = {isa = PBXBuildFile; fileRef = C61E80B222D5C19B009D1566 /* CreditScoreViewController.xib */; };
		C61E80B622D5C1D8009D1566 /* CreditScoreViewControllerProtocol.swift in Sources */ = {isa = PBXBuildFile; fileRef = C61E80B522D5C1D8009D1566 /* CreditScoreViewControllerProtocol.swift */; };
		C61E80B822D5C1F5009D1566 /* BaseViewControllerProtocol.swift in Sources */ = {isa = PBXBuildFile; fileRef = C61E80B722D5C1F5009D1566 /* BaseViewControllerProtocol.swift */; };
		C61E80BB22D5C295009D1566 /* CreditScorePresenter.swift in Sources */ = {isa = PBXBuildFile; fileRef = C61E80BA22D5C295009D1566 /* CreditScorePresenter.swift */; };
		C61E80BD22D5C29B009D1566 /* CreditScorePresenterProtocol.swift in Sources */ = {isa = PBXBuildFile; fileRef = C61E80BC22D5C29B009D1566 /* CreditScorePresenterProtocol.swift */; };
		C61E80BF22D5C2B1009D1566 /* BasePresenterProtocol.swift in Sources */ = {isa = PBXBuildFile; fileRef = C61E80BE22D5C2B1009D1566 /* BasePresenterProtocol.swift */; };
		C63CCD4D22D707EB00E62EA5 /* Localizable.strings in Resources */ = {isa = PBXBuildFile; fileRef = C63CCD4F22D707EB00E62EA5 /* Localizable.strings */; };
		C63CCD5122D7085F00E62EA5 /* StringExtensions.swift in Sources */ = {isa = PBXBuildFile; fileRef = C63CCD5022D7085F00E62EA5 /* StringExtensions.swift */; };
		C64631FF22D870EA0036885F /* CreditScoreViewControllerUnitTests.swift in Sources */ = {isa = PBXBuildFile; fileRef = C64631FE22D870EA0036885F /* CreditScoreViewControllerUnitTests.swift */; };
		C6481C0D22D7975900DE6DFF /* ErrorView.swift in Sources */ = {isa = PBXBuildFile; fileRef = C6481C0C22D7975900DE6DFF /* ErrorView.swift */; };
		C6481C0F22D7978300DE6DFF /* ErrorView.xib in Resources */ = {isa = PBXBuildFile; fileRef = C6481C0E22D7978300DE6DFF /* ErrorView.xib */; };
		C64F189322D6524600AEE281 /* CircleView.swift in Sources */ = {isa = PBXBuildFile; fileRef = C64F189222D6524600AEE281 /* CircleView.swift */; };
		C64F189622D6528000AEE281 /* CGFloatExtensions.swift in Sources */ = {isa = PBXBuildFile; fileRef = C64F189522D6528000AEE281 /* CGFloatExtensions.swift */; };
		C64F189922D653CA00AEE281 /* DependencyInjectionManager.swift in Sources */ = {isa = PBXBuildFile; fileRef = C64F189822D653CA00AEE281 /* DependencyInjectionManager.swift */; };
		C64F189C22D654F200AEE281 /* BaseViewController.swift in Sources */ = {isa = PBXBuildFile; fileRef = C64F189B22D654F200AEE281 /* BaseViewController.swift */; };
		C658063A22D4F36300DB4AE3 /* AppDelegate.swift in Sources */ = {isa = PBXBuildFile; fileRef = C658063922D4F36300DB4AE3 /* AppDelegate.swift */; };
		C658063F22D4F36300DB4AE3 /* Main.storyboard in Resources */ = {isa = PBXBuildFile; fileRef = C658063D22D4F36300DB4AE3 /* Main.storyboard */; };
		C658064122D4F36400DB4AE3 /* Assets.xcassets in Resources */ = {isa = PBXBuildFile; fileRef = C658064022D4F36400DB4AE3 /* Assets.xcassets */; };
		C658064422D4F36400DB4AE3 /* LaunchScreen.storyboard in Resources */ = {isa = PBXBuildFile; fileRef = C658064222D4F36400DB4AE3 /* LaunchScreen.storyboard */; };
		C658065F22D4F4A400DB4AE3 /* BaseClient.swift in Sources */ = {isa = PBXBuildFile; fileRef = C658065E22D4F4A400DB4AE3 /* BaseClient.swift */; };
		C658066222D4F4C900DB4AE3 /* APIEndpoint.swift in Sources */ = {isa = PBXBuildFile; fileRef = C658066122D4F4C900DB4AE3 /* APIEndpoint.swift */; };
		C658066522D4F52000DB4AE3 /* Constants.swift in Sources */ = {isa = PBXBuildFile; fileRef = C658066422D4F52000DB4AE3 /* Constants.swift */; };
		C658066722D4F56800DB4AE3 /* APIResponse.swift in Sources */ = {isa = PBXBuildFile; fileRef = C658066622D4F56800DB4AE3 /* APIResponse.swift */; };
		C658066922D4F57F00DB4AE3 /* APIException.swift in Sources */ = {isa = PBXBuildFile; fileRef = C658066822D4F57F00DB4AE3 /* APIException.swift */; };
		C658066B22D4F69A00DB4AE3 /* ApiClient.swift in Sources */ = {isa = PBXBuildFile; fileRef = C658066A22D4F69A00DB4AE3 /* ApiClient.swift */; };
		C658066E22D4F6C600DB4AE3 /* ApiClientProtocol.swift in Sources */ = {isa = PBXBuildFile; fileRef = C658066D22D4F6C600DB4AE3 /* ApiClientProtocol.swift */; };
		C658067122D4F76F00DB4AE3 /* CreditValuesEntity.swift in Sources */ = {isa = PBXBuildFile; fileRef = C658067022D4F76F00DB4AE3 /* CreditValuesEntity.swift */; };
		C658067422D4F7AD00DB4AE3 /* Decoder.swift in Sources */ = {isa = PBXBuildFile; fileRef = C658067322D4F7AD00DB4AE3 /* Decoder.swift */; };
		C66DD09822D763610031C15C /* ColorPalette.swift in Sources */ = {isa = PBXBuildFile; fileRef = C66DD09722D763610031C15C /* ColorPalette.swift */; };
		C66DD09A22D7639B0031C15C /* ColorPaletteExtensions.swift in Sources */ = {isa = PBXBuildFile; fileRef = C66DD09922D7639B0031C15C /* ColorPaletteExtensions.swift */; };
		C66DD09C22D763B30031C15C /* UIColorExtensions.swift in Sources */ = {isa = PBXBuildFile; fileRef = C66DD09B22D763B30031C15C /* UIColorExtensions.swift */; };
		C66DD09E22D76B940031C15C /* LoadingView.swift in Sources */ = {isa = PBXBuildFile; fileRef = C66DD09D22D76B940031C15C /* LoadingView.swift */; };
		C66DD0A022D76B9C0031C15C /* LoadingView.xib in Resources */ = {isa = PBXBuildFile; fileRef = C66DD09F22D76B9C0031C15C /* LoadingView.xib */; };
		CF9B3219B98983AFEC761493 /* Pods_CreditScore.framework in Frameworks */ = {isa = PBXBuildFile; fileRef = 9C1362A5FEFC3A4CE66DDE68 /* Pods_CreditScore.framework */; };
/* End PBXBuildFile section */

/* Begin PBXContainerItemProxy section */
		C658064B22D4F36400DB4AE3 /* PBXContainerItemProxy */ = {
			isa = PBXContainerItemProxy;
			containerPortal = C658062E22D4F36300DB4AE3 /* Project object */;
			proxyType = 1;
			remoteGlobalIDString = C658063522D4F36300DB4AE3;
			remoteInfo = CreditScore;
		};
/* End PBXContainerItemProxy section */

/* Begin PBXFileReference section */
		15D4705292316C5D1B59343D /* Pods-CreditScore.release.xcconfig */ = {isa = PBXFileReference; includeInIndex = 1; lastKnownFileType = text.xcconfig; name = "Pods-CreditScore.release.xcconfig"; path = "Target Support Files/Pods-CreditScore/Pods-CreditScore.release.xcconfig"; sourceTree = "<group>"; };
		2FA51D993D06AA68D0520406 /* Pods_CreditScoreTests.framework */ = {isa = PBXFileReference; explicitFileType = wrapper.framework; includeInIndex = 0; path = Pods_CreditScoreTests.framework; sourceTree = BUILT_PRODUCTS_DIR; };
		5D0DD85CFB5DCCF7B5A4ADBE /* Pods-CreditScore.debug.xcconfig */ = {isa = PBXFileReference; includeInIndex = 1; lastKnownFileType = text.xcconfig; name = "Pods-CreditScore.debug.xcconfig"; path = "Target Support Files/Pods-CreditScore/Pods-CreditScore.debug.xcconfig"; sourceTree = "<group>"; };
		6C274F4C34479C7BB235AF9F /* Pods-CreditScoreTests.debug.xcconfig */ = {isa = PBXFileReference; includeInIndex = 1; lastKnownFileType = text.xcconfig; name = "Pods-CreditScoreTests.debug.xcconfig"; path = "Target Support Files/Pods-CreditScoreTests/Pods-CreditScoreTests.debug.xcconfig"; sourceTree = "<group>"; };
		9C1362A5FEFC3A4CE66DDE68 /* Pods_CreditScore.framework */ = {isa = PBXFileReference; explicitFileType = wrapper.framework; includeInIndex = 0; path = Pods_CreditScore.framework; sourceTree = BUILT_PRODUCTS_DIR; };
		C61E807B22D5B4F6009D1566 /* CreditReportInfoEntity.swift */ = {isa = PBXFileReference; lastKnownFileType = sourcecode.swift; path = CreditReportInfoEntity.swift; sourceTree = "<group>"; };
		C61E807D22D5B508009D1566 /* CoachingSummary.swift */ = {isa = PBXFileReference; lastKnownFileType = sourcecode.swift; path = CoachingSummary.swift; sourceTree = "<group>"; };
		C61E808022D5B551009D1566 /* Print.swift */ = {isa = PBXFileReference; lastKnownFileType = sourcecode.swift; path = Print.swift; sourceTree = "<group>"; };
		C61E808522D5B71F009D1566 /* RemoteDataSource.swift */ = {isa = PBXFileReference; lastKnownFileType = sourcecode.swift; path = RemoteDataSource.swift; sourceTree = "<group>"; };
		C61E808722D5B745009D1566 /* RemoteDataSourceProtocol.swift */ = {isa = PBXFileReference; lastKnownFileType = sourcecode.swift; path = RemoteDataSourceProtocol.swift; sourceTree = "<group>"; };
		C61E808B22D5B7F8009D1566 /* CreditScoreProvider.swift */ = {isa = PBXFileReference; lastKnownFileType = sourcecode.swift; path = CreditScoreProvider.swift; sourceTree = "<group>"; };
		C61E808D22D5B803009D1566 /* CreditScoreProviderProtocol.swift */ = {isa = PBXFileReference; lastKnownFileType = sourcecode.swift; path = CreditScoreProviderProtocol.swift; sourceTree = "<group>"; };
		C61E809022D5B8AD009D1566 /* CreditScoreMapper.swift */ = {isa = PBXFileReference; lastKnownFileType = sourcecode.swift; path = CreditScoreMapper.swift; sourceTree = "<group>"; };
		C61E809322D5BBE9009D1566 /* CreditScore.swift */ = {isa = PBXFileReference; lastKnownFileType = sourcecode.swift; path = CreditScore.swift; sourceTree = "<group>"; };
		C61E809622D5BC96009D1566 /* LoadCreditScoreUseCase.swift */ = {isa = PBXFileReference; lastKnownFileType = sourcecode.swift; path = LoadCreditScoreUseCase.swift; sourceTree = "<group>"; };
		C61E809922D5BCA5009D1566 /* LoadCreditScoreUseCaseProtocol.swift */ = {isa = PBXFileReference; lastKnownFileType = sourcecode.swift; path = LoadCreditScoreUseCaseProtocol.swift; sourceTree = "<group>"; };
		C61E809B22D5BE0E009D1566 /* BaseUseCase.swift */ = {isa = PBXFileReference; lastKnownFileType = sourcecode.swift; path = BaseUseCase.swift; sourceTree = "<group>"; };
		C61E809D22D5BE2F009D1566 /* NetworkProvider.swift */ = {isa = PBXFileReference; lastKnownFileType = sourcecode.swift; path = NetworkProvider.swift; sourceTree = "<group>"; };
		C61E809F22D5BE58009D1566 /* NetworkProviderProtocol.swift */ = {isa = PBXFileReference; lastKnownFileType = sourcecode.swift; path = NetworkProviderProtocol.swift; sourceTree = "<group>"; };
		C61E80A622D5C081009D1566 /* CreditScoreViewController.swift */ = {isa = PBXFileReference; lastKnownFileType = sourcecode.swift; path = CreditScoreViewController.swift; sourceTree = "<group>"; };
		C61E80AA22D5C0D7009D1566 /* CreditScoreView.swift */ = {isa = PBXFileReference; lastKnownFileType = sourcecode.swift; path = CreditScoreView.swift; sourceTree = "<group>"; };
		C61E80AC22D5C0DE009D1566 /* CreditScoreView.xib */ = {isa = PBXFileReference; lastKnownFileType = file.xib; path = CreditScoreView.xib; sourceTree = "<group>"; };
		C61E80AE22D5C0F6009D1566 /* BaseView.swift */ = {isa = PBXFileReference; lastKnownFileType = sourcecode.swift; path = BaseView.swift; sourceTree = "<group>"; };
		C61E80B222D5C19B009D1566 /* CreditScoreViewController.xib */ = {isa = PBXFileReference; lastKnownFileType = file.xib; path = CreditScoreViewController.xib; sourceTree = "<group>"; };
		C61E80B522D5C1D8009D1566 /* CreditScoreViewControllerProtocol.swift */ = {isa = PBXFileReference; lastKnownFileType = sourcecode.swift; path = CreditScoreViewControllerProtocol.swift; sourceTree = "<group>"; };
		C61E80B722D5C1F5009D1566 /* BaseViewControllerProtocol.swift */ = {isa = PBXFileReference; lastKnownFileType = sourcecode.swift; path = BaseViewControllerProtocol.swift; sourceTree = "<group>"; };
		C61E80BA22D5C295009D1566 /* CreditScorePresenter.swift */ = {isa = PBXFileReference; lastKnownFileType = sourcecode.swift; path = CreditScorePresenter.swift; sourceTree = "<group>"; };
		C61E80BC22D5C29B009D1566 /* CreditScorePresenterProtocol.swift */ = {isa = PBXFileReference; lastKnownFileType = sourcecode.swift; path = CreditScorePresenterProtocol.swift; sourceTree = "<group>"; };
		C61E80BE22D5C2B1009D1566 /* BasePresenterProtocol.swift */ = {isa = PBXFileReference; lastKnownFileType = sourcecode.swift; path = BasePresenterProtocol.swift; sourceTree = "<group>"; };
		C63CCD4E22D707EB00E62EA5 /* en */ = {isa = PBXFileReference; lastKnownFileType = text.plist.strings; name = en; path = en.lproj/Localizable.strings; sourceTree = "<group>"; };
		C63CCD5022D7085F00E62EA5 /* StringExtensions.swift */ = {isa = PBXFileReference; lastKnownFileType = sourcecode.swift; path = StringExtensions.swift; sourceTree = "<group>"; };
		C64631FE22D870EA0036885F /* CreditScoreViewControllerUnitTests.swift */ = {isa = PBXFileReference; lastKnownFileType = sourcecode.swift; path = CreditScoreViewControllerUnitTests.swift; sourceTree = "<group>"; };
		C6481C0C22D7975900DE6DFF /* ErrorView.swift */ = {isa = PBXFileReference; lastKnownFileType = sourcecode.swift; path = ErrorView.swift; sourceTree = "<group>"; };
		C6481C0E22D7978300DE6DFF /* ErrorView.xib */ = {isa = PBXFileReference; lastKnownFileType = file.xib; path = ErrorView.xib; sourceTree = "<group>"; };
		C64F189222D6524600AEE281 /* CircleView.swift */ = {isa = PBXFileReference; lastKnownFileType = sourcecode.swift; path = CircleView.swift; sourceTree = "<group>"; };
		C64F189522D6528000AEE281 /* CGFloatExtensions.swift */ = {isa = PBXFileReference; lastKnownFileType = sourcecode.swift; path = CGFloatExtensions.swift; sourceTree = "<group>"; };
		C64F189822D653CA00AEE281 /* DependencyInjectionManager.swift */ = {isa = PBXFileReference; lastKnownFileType = sourcecode.swift; path = DependencyInjectionManager.swift; sourceTree = "<group>"; };
		C64F189B22D654F200AEE281 /* BaseViewController.swift */ = {isa = PBXFileReference; lastKnownFileType = sourcecode.swift; path = BaseViewController.swift; sourceTree = "<group>"; };
		C658063622D4F36300DB4AE3 /* CreditScore.app */ = {isa = PBXFileReference; explicitFileType = wrapper.application; includeInIndex = 0; path = CreditScore.app; sourceTree = BUILT_PRODUCTS_DIR; };
		C658063922D4F36300DB4AE3 /* AppDelegate.swift */ = {isa = PBXFileReference; lastKnownFileType = sourcecode.swift; path = AppDelegate.swift; sourceTree = "<group>"; };
		C658063E22D4F36300DB4AE3 /* Base */ = {isa = PBXFileReference; lastKnownFileType = file.storyboard; name = Base; path = Base.lproj/Main.storyboard; sourceTree = "<group>"; };
		C658064022D4F36400DB4AE3 /* Assets.xcassets */ = {isa = PBXFileReference; lastKnownFileType = folder.assetcatalog; path = Assets.xcassets; sourceTree = "<group>"; };
		C658064322D4F36400DB4AE3 /* Base */ = {isa = PBXFileReference; lastKnownFileType = file.storyboard; name = Base; path = Base.lproj/LaunchScreen.storyboard; sourceTree = "<group>"; };
		C658064522D4F36400DB4AE3 /* Info.plist */ = {isa = PBXFileReference; lastKnownFileType = text.plist.xml; path = Info.plist; sourceTree = "<group>"; };
		C658064A22D4F36400DB4AE3 /* CreditScoreTests.xctest */ = {isa = PBXFileReference; explicitFileType = wrapper.cfbundle; includeInIndex = 0; path = CreditScoreTests.xctest; sourceTree = BUILT_PRODUCTS_DIR; };
		C658065022D4F36400DB4AE3 /* Info.plist */ = {isa = PBXFileReference; lastKnownFileType = text.plist.xml; path = Info.plist; sourceTree = "<group>"; };
		C658065E22D4F4A400DB4AE3 /* BaseClient.swift */ = {isa = PBXFileReference; lastKnownFileType = sourcecode.swift; path = BaseClient.swift; sourceTree = "<group>"; };
		C658066122D4F4C900DB4AE3 /* APIEndpoint.swift */ = {isa = PBXFileReference; lastKnownFileType = sourcecode.swift; path = APIEndpoint.swift; sourceTree = "<group>"; };
		C658066422D4F52000DB4AE3 /* Constants.swift */ = {isa = PBXFileReference; lastKnownFileType = sourcecode.swift; path = Constants.swift; sourceTree = "<group>"; };
		C658066622D4F56800DB4AE3 /* APIResponse.swift */ = {isa = PBXFileReference; lastKnownFileType = sourcecode.swift; path = APIResponse.swift; sourceTree = "<group>"; };
		C658066822D4F57F00DB4AE3 /* APIException.swift */ = {isa = PBXFileReference; lastKnownFileType = sourcecode.swift; path = APIException.swift; sourceTree = "<group>"; };
		C658066A22D4F69A00DB4AE3 /* ApiClient.swift */ = {isa = PBXFileReference; lastKnownFileType = sourcecode.swift; path = ApiClient.swift; sourceTree = "<group>"; };
		C658066D22D4F6C600DB4AE3 /* ApiClientProtocol.swift */ = {isa = PBXFileReference; lastKnownFileType = sourcecode.swift; path = ApiClientProtocol.swift; sourceTree = "<group>"; };
		C658067022D4F76F00DB4AE3 /* CreditValuesEntity.swift */ = {isa = PBXFileReference; lastKnownFileType = sourcecode.swift; path = CreditValuesEntity.swift; sourceTree = "<group>"; };
		C658067322D4F7AD00DB4AE3 /* Decoder.swift */ = {isa = PBXFileReference; lastKnownFileType = sourcecode.swift; path = Decoder.swift; sourceTree = "<group>"; };
		C66DD09722D763610031C15C /* ColorPalette.swift */ = {isa = PBXFileReference; lastKnownFileType = sourcecode.swift; path = ColorPalette.swift; sourceTree = "<group>"; };
		C66DD09922D7639B0031C15C /* ColorPaletteExtensions.swift */ = {isa = PBXFileReference; lastKnownFileType = sourcecode.swift; path = ColorPaletteExtensions.swift; sourceTree = "<group>"; };
		C66DD09B22D763B30031C15C /* UIColorExtensions.swift */ = {isa = PBXFileReference; lastKnownFileType = sourcecode.swift; path = UIColorExtensions.swift; sourceTree = "<group>"; };
		C66DD09D22D76B940031C15C /* LoadingView.swift */ = {isa = PBXFileReference; lastKnownFileType = sourcecode.swift; path = LoadingView.swift; sourceTree = "<group>"; };
		C66DD09F22D76B9C0031C15C /* LoadingView.xib */ = {isa = PBXFileReference; lastKnownFileType = file.xib; path = LoadingView.xib; sourceTree = "<group>"; };
		EC8A9209CA72FF82A45ECE70 /* Pods-CreditScoreTests.release.xcconfig */ = {isa = PBXFileReference; includeInIndex = 1; lastKnownFileType = text.xcconfig; name = "Pods-CreditScoreTests.release.xcconfig"; path = "Target Support Files/Pods-CreditScoreTests/Pods-CreditScoreTests.release.xcconfig"; sourceTree = "<group>"; };
/* End PBXFileReference section */

/* Begin PBXFrameworksBuildPhase section */
		C658063322D4F36300DB4AE3 /* Frameworks */ = {
			isa = PBXFrameworksBuildPhase;
			buildActionMask = 2147483647;
			files = (
				CF9B3219B98983AFEC761493 /* Pods_CreditScore.framework in Frameworks */,
			);
			runOnlyForDeploymentPostprocessing = 0;
		};
		C658064722D4F36400DB4AE3 /* Frameworks */ = {
			isa = PBXFrameworksBuildPhase;
			buildActionMask = 2147483647;
			files = (
				C6110D20BCB3EC50CFB6BFA5 /* Pods_CreditScoreTests.framework in Frameworks */,
			);
			runOnlyForDeploymentPostprocessing = 0;
		};
/* End PBXFrameworksBuildPhase section */

/* Begin PBXGroup section */
		852C9C71A616C8440FE4D875 /* Frameworks */ = {
			isa = PBXGroup;
			children = (
				9C1362A5FEFC3A4CE66DDE68 /* Pods_CreditScore.framework */,
				2FA51D993D06AA68D0520406 /* Pods_CreditScoreTests.framework */,
			);
			name = Frameworks;
			sourceTree = "<group>";
		};
		C069242586ACA08F9ED79DD8 /* Pods */ = {
			isa = PBXGroup;
			children = (
				5D0DD85CFB5DCCF7B5A4ADBE /* Pods-CreditScore.debug.xcconfig */,
				15D4705292316C5D1B59343D /* Pods-CreditScore.release.xcconfig */,
				6C274F4C34479C7BB235AF9F /* Pods-CreditScoreTests.debug.xcconfig */,
				EC8A9209CA72FF82A45ECE70 /* Pods-CreditScoreTests.release.xcconfig */,
			);
			path = Pods;
			sourceTree = "<group>";
		};
		C61E807F22D5B53F009D1566 /* Global */ = {
			isa = PBXGroup;
			children = (
				C61E808022D5B551009D1566 /* Print.swift */,
			);
			path = Global;
			sourceTree = "<group>";
		};
		C61E808222D5B66E009D1566 /* Client */ = {
			isa = PBXGroup;
			children = (
				C658066C22D4F6BE00DB4AE3 /* Abstraction */,
				C658066022D4F4C200DB4AE3 /* Poso */,
				C658067222D4F7A600DB4AE3 /* Decoder */,
				C658065E22D4F4A400DB4AE3 /* BaseClient.swift */,
				C658066A22D4F69A00DB4AE3 /* ApiClient.swift */,
			);
			path = Client;
			sourceTree = "<group>";
		};
		C61E808322D5B6FB009D1566 /* DataSource */ = {
			isa = PBXGroup;
			children = (
				C61E808422D5B712009D1566 /* Abstraction */,
				C61E808522D5B71F009D1566 /* RemoteDataSource.swift */,
			);
			path = DataSource;
			sourceTree = "<group>";
		};
		C61E808422D5B712009D1566 /* Abstraction */ = {
			isa = PBXGroup;
			children = (
				C61E808722D5B745009D1566 /* RemoteDataSourceProtocol.swift */,
			);
			path = Abstraction;
			sourceTree = "<group>";
		};
		C61E808922D5B7B9009D1566 /* Provider */ = {
			isa = PBXGroup;
			children = (
				C61E808A22D5B7BF009D1566 /* Abstraction */,
				C61E808F22D5B896009D1566 /* Mapper */,
				C61E809D22D5BE2F009D1566 /* NetworkProvider.swift */,
				C61E808B22D5B7F8009D1566 /* CreditScoreProvider.swift */,
			);
			path = Provider;
			sourceTree = "<group>";
		};
		C61E808A22D5B7BF009D1566 /* Abstraction */ = {
			isa = PBXGroup;
			children = (
				C61E809F22D5BE58009D1566 /* NetworkProviderProtocol.swift */,
				C61E808D22D5B803009D1566 /* CreditScoreProviderProtocol.swift */,
			);
			path = Abstraction;
			sourceTree = "<group>";
		};
		C61E808F22D5B896009D1566 /* Mapper */ = {
			isa = PBXGroup;
			children = (
				C61E809022D5B8AD009D1566 /* CreditScoreMapper.swift */,
			);
			path = Mapper;
			sourceTree = "<group>";
		};
		C61E809222D5BBDC009D1566 /* Model */ = {
			isa = PBXGroup;
			children = (
				C61E809322D5BBE9009D1566 /* CreditScore.swift */,
			);
			path = Model;
			sourceTree = "<group>";
		};
		C61E809522D5BC6E009D1566 /* UseCase */ = {
			isa = PBXGroup;
			children = (
				C61E809822D5BC9A009D1566 /* Abstraction */,
				C61E809B22D5BE0E009D1566 /* BaseUseCase.swift */,
				C61E809622D5BC96009D1566 /* LoadCreditScoreUseCase.swift */,
			);
			path = UseCase;
			sourceTree = "<group>";
		};
		C61E809822D5BC9A009D1566 /* Abstraction */ = {
			isa = PBXGroup;
			children = (
				C61E809922D5BCA5009D1566 /* LoadCreditScoreUseCaseProtocol.swift */,
			);
			path = Abstraction;
			sourceTree = "<group>";
		};
		C61E80A122D5BEFC009D1566 /* Router */ = {
			isa = PBXGroup;
			children = (
			);
			path = Router;
			sourceTree = "<group>";
		};
		C61E80A222D5BF03009D1566 /* Presenter */ = {
			isa = PBXGroup;
			children = (
				C61E80B922D5C287009D1566 /* Abstraction */,
				C61E80BA22D5C295009D1566 /* CreditScorePresenter.swift */,
			);
			path = Presenter;
			sourceTree = "<group>";
		};
		C61E80A322D5BF0B009D1566 /* ViewController */ = {
			isa = PBXGroup;
			children = (
				C61E80B122D5C18B009D1566 /* Controller */,
				C61E80B022D5C181009D1566 /* Xib */,
			);
			path = ViewController;
			sourceTree = "<group>";
		};
		C61E80A422D5BF14009D1566 /* UI */ = {
			isa = PBXGroup;
			children = (
				C61E80A922D5C0C9009D1566 /* View */,
				C61E80A822D5C0BA009D1566 /* Xib */,
			);
			path = UI;
			sourceTree = "<group>";
		};
		C61E80A522D5BF85009D1566 /* UI */ = {
			isa = PBXGroup;
			children = (
				C64F189222D6524600AEE281 /* CircleView.swift */,
			);
			path = UI;
			sourceTree = "<group>";
		};
		C61E80A822D5C0BA009D1566 /* Xib */ = {
			isa = PBXGroup;
			children = (
				C61E80AC22D5C0DE009D1566 /* CreditScoreView.xib */,
				C66DD09F22D76B9C0031C15C /* LoadingView.xib */,
				C6481C0E22D7978300DE6DFF /* ErrorView.xib */,
			);
			path = Xib;
			sourceTree = "<group>";
		};
		C61E80A922D5C0C9009D1566 /* View */ = {
			isa = PBXGroup;
			children = (
				C61E80AE22D5C0F6009D1566 /* BaseView.swift */,
				C61E80AA22D5C0D7009D1566 /* CreditScoreView.swift */,
				C66DD09D22D76B940031C15C /* LoadingView.swift */,
				C6481C0C22D7975900DE6DFF /* ErrorView.swift */,
			);
			path = View;
			sourceTree = "<group>";
		};
		C61E80B022D5C181009D1566 /* Xib */ = {
			isa = PBXGroup;
			children = (
				C61E80B222D5C19B009D1566 /* CreditScoreViewController.xib */,
			);
			path = Xib;
			sourceTree = "<group>";
		};
		C61E80B122D5C18B009D1566 /* Controller */ = {
			isa = PBXGroup;
			children = (
				C61E80B422D5C1B7009D1566 /* Abstraction */,
				C64F189B22D654F200AEE281 /* BaseViewController.swift */,
				C61E80A622D5C081009D1566 /* CreditScoreViewController.swift */,
			);
			path = Controller;
			sourceTree = "<group>";
		};
		C61E80B422D5C1B7009D1566 /* Abstraction */ = {
			isa = PBXGroup;
			children = (
				C61E80B722D5C1F5009D1566 /* BaseViewControllerProtocol.swift */,
				C61E80B522D5C1D8009D1566 /* CreditScoreViewControllerProtocol.swift */,
			);
			path = Abstraction;
			sourceTree = "<group>";
		};
		C61E80B922D5C287009D1566 /* Abstraction */ = {
			isa = PBXGroup;
			children = (
				C61E80BE22D5C2B1009D1566 /* BasePresenterProtocol.swift */,
				C61E80BC22D5C29B009D1566 /* CreditScorePresenterProtocol.swift */,
			);
			path = Abstraction;
			sourceTree = "<group>";
		};
		C63CCD4A22D707A500E62EA5 /* Localization */ = {
			isa = PBXGroup;
			children = (
				C63CCD4F22D707EB00E62EA5 /* Localizable.strings */,
			);
			path = Localization;
			sourceTree = "<group>";
		};
		C64631F822D870A00036885F /* Data */ = {
			isa = PBXGroup;
			children = (
			);
			path = Data;
			sourceTree = "<group>";
		};
		C64631F922D870A60036885F /* Domain */ = {
			isa = PBXGroup;
			children = (
			);
			path = Domain;
			sourceTree = "<group>";
		};
		C64631FA22D870AB0036885F /* Presentation */ = {
			isa = PBXGroup;
			children = (
				C64631FD22D870BB0036885F /* ViewController */,
				C64631FC22D870B60036885F /* Presenter */,
				C64631FB22D870B10036885F /* Router */,
			);
			path = Presentation;
			sourceTree = "<group>";
		};
		C64631FB22D870B10036885F /* Router */ = {
			isa = PBXGroup;
			children = (
			);
			path = Router;
			sourceTree = "<group>";
		};
		C64631FC22D870B60036885F /* Presenter */ = {
			isa = PBXGroup;
			children = (
			);
			path = Presenter;
			sourceTree = "<group>";
		};
		C64631FD22D870BB0036885F /* ViewController */ = {
			isa = PBXGroup;
			children = (
				C64631FE22D870EA0036885F /* CreditScoreViewControllerUnitTests.swift */,
			);
			path = ViewController;
			sourceTree = "<group>";
		};
		C64F189422D6526900AEE281 /* Extensions */ = {
			isa = PBXGroup;
			children = (
				C64F189522D6528000AEE281 /* CGFloatExtensions.swift */,
				C63CCD5022D7085F00E62EA5 /* StringExtensions.swift */,
				C66DD09922D7639B0031C15C /* ColorPaletteExtensions.swift */,
				C66DD09B22D763B30031C15C /* UIColorExtensions.swift */,
			);
			path = Extensions;
			sourceTree = "<group>";
		};
		C64F189722D653B500AEE281 /* DependencyInjection */ = {
			isa = PBXGroup;
			children = (
				C64F189822D653CA00AEE281 /* DependencyInjectionManager.swift */,
			);
			path = DependencyInjection;
			sourceTree = "<group>";
		};
		C64F189A22D654C100AEE281 /* AppDelegate */ = {
			isa = PBXGroup;
			children = (
				C658063922D4F36300DB4AE3 /* AppDelegate.swift */,
			);
			path = AppDelegate;
			sourceTree = "<group>";
		};
		C658062D22D4F36300DB4AE3 = {
			isa = PBXGroup;
			children = (
				C658063822D4F36300DB4AE3 /* CreditScore */,
				C658064D22D4F36400DB4AE3 /* CreditScoreTests */,
				C658063722D4F36300DB4AE3 /* Products */,
				C069242586ACA08F9ED79DD8 /* Pods */,
				852C9C71A616C8440FE4D875 /* Frameworks */,
			);
			sourceTree = "<group>";
		};
		C658063722D4F36300DB4AE3 /* Products */ = {
			isa = PBXGroup;
			children = (
				C658063622D4F36300DB4AE3 /* CreditScore.app */,
				C658064A22D4F36400DB4AE3 /* CreditScoreTests.xctest */,
			);
			name = Products;
			sourceTree = "<group>";
		};
		C658063822D4F36300DB4AE3 /* CreditScore */ = {
			isa = PBXGroup;
			children = (
				C658065D22D4F3DA00DB4AE3 /* Presentation */,
				C658065C22D4F3D600DB4AE3 /* Domain */,
				C658065B22D4F3D200DB4AE3 /* Data */,
				C658065A22D4F3B900DB4AE3 /* System */,
				C658063D22D4F36300DB4AE3 /* Main.storyboard */,
				C658064222D4F36400DB4AE3 /* LaunchScreen.storyboard */,
				C658064022D4F36400DB4AE3 /* Assets.xcassets */,
				C658064522D4F36400DB4AE3 /* Info.plist */,
			);
			path = CreditScore;
			sourceTree = "<group>";
		};
		C658064D22D4F36400DB4AE3 /* CreditScoreTests */ = {
			isa = PBXGroup;
			children = (
				C64631FA22D870AB0036885F /* Presentation */,
				C64631F922D870A60036885F /* Domain */,
				C64631F822D870A00036885F /* Data */,
				C658065022D4F36400DB4AE3 /* Info.plist */,
			);
			path = CreditScoreTests;
			sourceTree = "<group>";
		};
		C658065A22D4F3B900DB4AE3 /* System */ = {
			isa = PBXGroup;
			children = (
				C64F189A22D654C100AEE281 /* AppDelegate */,
				C64F189722D653B500AEE281 /* DependencyInjection */,
				C63CCD4A22D707A500E62EA5 /* Localization */,
				C61E807F22D5B53F009D1566 /* Global */,
				C658066322D4F51600DB4AE3 /* Constants */,
				C64F189422D6526900AEE281 /* Extensions */,
				C61E80A522D5BF85009D1566 /* UI */,
				C66DD09622D763510031C15C /* Colors */,
			);
			path = System;
			sourceTree = "<group>";
		};
		C658065B22D4F3D200DB4AE3 /* Data */ = {
			isa = PBXGroup;
			children = (
				C61E808922D5B7B9009D1566 /* Provider */,
				C61E808322D5B6FB009D1566 /* DataSource */,
				C61E808222D5B66E009D1566 /* Client */,
				C658066F22D4F76600DB4AE3 /* Entity */,
			);
			path = Data;
			sourceTree = "<group>";
		};
		C658065C22D4F3D600DB4AE3 /* Domain */ = {
			isa = PBXGroup;
			children = (
				C61E809222D5BBDC009D1566 /* Model */,
				C61E809522D5BC6E009D1566 /* UseCase */,
			);
			path = Domain;
			sourceTree = "<group>";
		};
		C658065D22D4F3DA00DB4AE3 /* Presentation */ = {
			isa = PBXGroup;
			children = (
				C61E80A422D5BF14009D1566 /* UI */,
				C61E80A322D5BF0B009D1566 /* ViewController */,
				C61E80A222D5BF03009D1566 /* Presenter */,
				C61E80A122D5BEFC009D1566 /* Router */,
			);
			path = Presentation;
			sourceTree = "<group>";
		};
		C658066022D4F4C200DB4AE3 /* Poso */ = {
			isa = PBXGroup;
			children = (
				C658066122D4F4C900DB4AE3 /* APIEndpoint.swift */,
				C658066622D4F56800DB4AE3 /* APIResponse.swift */,
				C658066822D4F57F00DB4AE3 /* APIException.swift */,
			);
			path = Poso;
			sourceTree = "<group>";
		};
		C658066322D4F51600DB4AE3 /* Constants */ = {
			isa = PBXGroup;
			children = (
				C658066422D4F52000DB4AE3 /* Constants.swift */,
			);
			path = Constants;
			sourceTree = "<group>";
		};
		C658066C22D4F6BE00DB4AE3 /* Abstraction */ = {
			isa = PBXGroup;
			children = (
				C658066D22D4F6C600DB4AE3 /* ApiClientProtocol.swift */,
			);
			path = Abstraction;
			sourceTree = "<group>";
		};
		C658066F22D4F76600DB4AE3 /* Entity */ = {
			isa = PBXGroup;
			children = (
				C658067022D4F76F00DB4AE3 /* CreditValuesEntity.swift */,
				C61E807B22D5B4F6009D1566 /* CreditReportInfoEntity.swift */,
				C61E807D22D5B508009D1566 /* CoachingSummary.swift */,
			);
			path = Entity;
			sourceTree = "<group>";
		};
		C658067222D4F7A600DB4AE3 /* Decoder */ = {
			isa = PBXGroup;
			children = (
				C658067322D4F7AD00DB4AE3 /* Decoder.swift */,
			);
			path = Decoder;
			sourceTree = "<group>";
		};
		C66DD09622D763510031C15C /* Colors */ = {
			isa = PBXGroup;
			children = (
				C66DD09722D763610031C15C /* ColorPalette.swift */,
			);
			path = Colors;
			sourceTree = "<group>";
		};
/* End PBXGroup section */

/* Begin PBXNativeTarget section */
		C658063522D4F36300DB4AE3 /* CreditScore */ = {
			isa = PBXNativeTarget;
			buildConfigurationList = C658065322D4F36400DB4AE3 /* Build configuration list for PBXNativeTarget "CreditScore" */;
			buildPhases = (
				5FA28E110F13C3784C411DBC /* [CP] Check Pods Manifest.lock */,
				C658063222D4F36300DB4AE3 /* Sources */,
				C658063322D4F36300DB4AE3 /* Frameworks */,
				C658063422D4F36300DB4AE3 /* Resources */,
				F3DA7F3B22CA481BBD291ED2 /* [CP] Embed Pods Frameworks */,
			);
			buildRules = (
			);
			dependencies = (
			);
			name = CreditScore;
			productName = CreditScore;
			productReference = C658063622D4F36300DB4AE3 /* CreditScore.app */;
			productType = "com.apple.product-type.application";
		};
		C658064922D4F36400DB4AE3 /* CreditScoreTests */ = {
			isa = PBXNativeTarget;
			buildConfigurationList = C658065622D4F36400DB4AE3 /* Build configuration list for PBXNativeTarget "CreditScoreTests" */;
			buildPhases = (
				FD0CE67DC0D16E72A24BC4F8 /* [CP] Check Pods Manifest.lock */,
				C658064622D4F36400DB4AE3 /* Sources */,
				C658064722D4F36400DB4AE3 /* Frameworks */,
				C658064822D4F36400DB4AE3 /* Resources */,
				3453950F43055634D29AE5F7 /* [CP] Embed Pods Frameworks */,
			);
			buildRules = (
			);
			dependencies = (
				C658064C22D4F36400DB4AE3 /* PBXTargetDependency */,
			);
			name = CreditScoreTests;
			productName = CreditScoreTests;
			productReference = C658064A22D4F36400DB4AE3 /* CreditScoreTests.xctest */;
			productType = "com.apple.product-type.bundle.unit-test";
		};
/* End PBXNativeTarget section */

/* Begin PBXProject section */
		C658062E22D4F36300DB4AE3 /* Project object */ = {
			isa = PBXProject;
			attributes = {
				LastSwiftUpdateCheck = 1020;
				LastUpgradeCheck = 1020;
				ORGANIZATIONNAME = JordiGamez;
				TargetAttributes = {
					C658063522D4F36300DB4AE3 = {
						CreatedOnToolsVersion = 10.2.1;
					};
					C658064922D4F36400DB4AE3 = {
						CreatedOnToolsVersion = 10.2.1;
						LastSwiftMigration = 1020;
						TestTargetID = C658063522D4F36300DB4AE3;
					};
				};
			};
			buildConfigurationList = C658063122D4F36300DB4AE3 /* Build configuration list for PBXProject "CreditScore" */;
			compatibilityVersion = "Xcode 9.3";
			developmentRegion = en;
			hasScannedForEncodings = 0;
			knownRegions = (
				en,
				Base,
			);
			mainGroup = C658062D22D4F36300DB4AE3;
			productRefGroup = C658063722D4F36300DB4AE3 /* Products */;
			projectDirPath = "";
			projectRoot = "";
			targets = (
				C658063522D4F36300DB4AE3 /* CreditScore */,
				C658064922D4F36400DB4AE3 /* CreditScoreTests */,
			);
		};
/* End PBXProject section */

/* Begin PBXResourcesBuildPhase section */
		C658063422D4F36300DB4AE3 /* Resources */ = {
			isa = PBXResourcesBuildPhase;
			buildActionMask = 2147483647;
			files = (
				C61E80B322D5C19B009D1566 /* CreditScoreViewController.xib in Resources */,
				C63CCD4D22D707EB00E62EA5 /* Localizable.strings in Resources */,
				C658064422D4F36400DB4AE3 /* LaunchScreen.storyboard in Resources */,
				C6481C0F22D7978300DE6DFF /* ErrorView.xib in Resources */,
				C658064122D4F36400DB4AE3 /* Assets.xcassets in Resources */,
				C66DD0A022D76B9C0031C15C /* LoadingView.xib in Resources */,
				C61E80AD22D5C0DE009D1566 /* CreditScoreView.xib in Resources */,
				C658063F22D4F36300DB4AE3 /* Main.storyboard in Resources */,
			);
			runOnlyForDeploymentPostprocessing = 0;
		};
		C658064822D4F36400DB4AE3 /* Resources */ = {
			isa = PBXResourcesBuildPhase;
			buildActionMask = 2147483647;
			files = (
			);
			runOnlyForDeploymentPostprocessing = 0;
		};
/* End PBXResourcesBuildPhase section */

/* Begin PBXShellScriptBuildPhase section */
		3453950F43055634D29AE5F7 /* [CP] Embed Pods Frameworks */ = {
			isa = PBXShellScriptBuildPhase;
			buildActionMask = 2147483647;
			files = (
			);
			inputFileListPaths = (
			);
			inputPaths = (
				"${PODS_ROOT}/Target Support Files/Pods-CreditScoreTests/Pods-CreditScoreTests-frameworks.sh",
				"${BUILT_PRODUCTS_DIR}/Nimble/Nimble.framework",
				"${BUILT_PRODUCTS_DIR}/Quick/Quick.framework",
			);
			name = "[CP] Embed Pods Frameworks";
			outputFileListPaths = (
			);
			outputPaths = (
				"${TARGET_BUILD_DIR}/${FRAMEWORKS_FOLDER_PATH}/Nimble.framework",
				"${TARGET_BUILD_DIR}/${FRAMEWORKS_FOLDER_PATH}/Quick.framework",
			);
			runOnlyForDeploymentPostprocessing = 0;
			shellPath = /bin/sh;
			shellScript = "\"${PODS_ROOT}/Target Support Files/Pods-CreditScoreTests/Pods-CreditScoreTests-frameworks.sh\"\n";
			showEnvVarsInLog = 0;
		};
		5FA28E110F13C3784C411DBC /* [CP] Check Pods Manifest.lock */ = {
			isa = PBXShellScriptBuildPhase;
			buildActionMask = 2147483647;
			files = (
			);
			inputFileListPaths = (
			);
			inputPaths = (
				"${PODS_PODFILE_DIR_PATH}/Podfile.lock",
				"${PODS_ROOT}/Manifest.lock",
			);
			name = "[CP] Check Pods Manifest.lock";
			outputFileListPaths = (
			);
			outputPaths = (
				"$(DERIVED_FILE_DIR)/Pods-CreditScore-checkManifestLockResult.txt",
			);
			runOnlyForDeploymentPostprocessing = 0;
			shellPath = /bin/sh;
			shellScript = "diff \"${PODS_PODFILE_DIR_PATH}/Podfile.lock\" \"${PODS_ROOT}/Manifest.lock\" > /dev/null\nif [ $? != 0 ] ; then\n    # print error to STDERR\n    echo \"error: The sandbox is not in sync with the Podfile.lock. Run 'pod install' or update your CocoaPods installation.\" >&2\n    exit 1\nfi\n# This output is used by Xcode 'outputs' to avoid re-running this script phase.\necho \"SUCCESS\" > \"${SCRIPT_OUTPUT_FILE_0}\"\n";
			showEnvVarsInLog = 0;
		};
		F3DA7F3B22CA481BBD291ED2 /* [CP] Embed Pods Frameworks */ = {
			isa = PBXShellScriptBuildPhase;
			buildActionMask = 2147483647;
			files = (
			);
			inputFileListPaths = (
			);
			inputPaths = (
				"${PODS_ROOT}/Target Support Files/Pods-CreditScore/Pods-CreditScore-frameworks.sh",
				"${BUILT_PRODUCTS_DIR}/Alamofire/Alamofire.framework",
				"${BUILT_PRODUCTS_DIR}/Alamofire-Synchronous/Alamofire_Synchronous.framework",
				"${BUILT_PRODUCTS_DIR}/Swinject/Swinject.framework",
			);
			name = "[CP] Embed Pods Frameworks";
			outputFileListPaths = (
			);
			outputPaths = (
				"${TARGET_BUILD_DIR}/${FRAMEWORKS_FOLDER_PATH}/Alamofire.framework",
				"${TARGET_BUILD_DIR}/${FRAMEWORKS_FOLDER_PATH}/Alamofire_Synchronous.framework",
				"${TARGET_BUILD_DIR}/${FRAMEWORKS_FOLDER_PATH}/Swinject.framework",
			);
			runOnlyForDeploymentPostprocessing = 0;
			shellPath = /bin/sh;
			shellScript = "\"${PODS_ROOT}/Target Support Files/Pods-CreditScore/Pods-CreditScore-frameworks.sh\"\n";
			showEnvVarsInLog = 0;
		};
		FD0CE67DC0D16E72A24BC4F8 /* [CP] Check Pods Manifest.lock */ = {
			isa = PBXShellScriptBuildPhase;
			buildActionMask = 2147483647;
			files = (
			);
			inputFileListPaths = (
			);
			inputPaths = (
				"${PODS_PODFILE_DIR_PATH}/Podfile.lock",
				"${PODS_ROOT}/Manifest.lock",
			);
			name = "[CP] Check Pods Manifest.lock";
			outputFileListPaths = (
			);
			outputPaths = (
				"$(DERIVED_FILE_DIR)/Pods-CreditScoreTests-checkManifestLockResult.txt",
			);
			runOnlyForDeploymentPostprocessing = 0;
			shellPath = /bin/sh;
			shellScript = "diff \"${PODS_PODFILE_DIR_PATH}/Podfile.lock\" \"${PODS_ROOT}/Manifest.lock\" > /dev/null\nif [ $? != 0 ] ; then\n    # print error to STDERR\n    echo \"error: The sandbox is not in sync with the Podfile.lock. Run 'pod install' or update your CocoaPods installation.\" >&2\n    exit 1\nfi\n# This output is used by Xcode 'outputs' to avoid re-running this script phase.\necho \"SUCCESS\" > \"${SCRIPT_OUTPUT_FILE_0}\"\n";
			showEnvVarsInLog = 0;
		};
/* End PBXShellScriptBuildPhase section */

/* Begin PBXSourcesBuildPhase section */
		C658063222D4F36300DB4AE3 /* Sources */ = {
			isa = PBXSourcesBuildPhase;
			buildActionMask = 2147483647;
			files = (
				C658066522D4F52000DB4AE3 /* Constants.swift in Sources */,
				C61E809A22D5BCA5009D1566 /* LoadCreditScoreUseCaseProtocol.swift in Sources */,
				C61E809122D5B8AD009D1566 /* CreditScoreMapper.swift in Sources */,
				C61E808622D5B71F009D1566 /* RemoteDataSource.swift in Sources */,
				C61E808822D5B745009D1566 /* RemoteDataSourceProtocol.swift in Sources */,
				C64F189C22D654F200AEE281 /* BaseViewController.swift in Sources */,
				C64F189922D653CA00AEE281 /* DependencyInjectionManager.swift in Sources */,
				C61E809E22D5BE2F009D1566 /* NetworkProvider.swift in Sources */,
				C61E808122D5B551009D1566 /* Print.swift in Sources */,
				C658067122D4F76F00DB4AE3 /* CreditValuesEntity.swift in Sources */,
				C61E809C22D5BE0E009D1566 /* BaseUseCase.swift in Sources */,
				C61E80AB22D5C0D7009D1566 /* CreditScoreView.swift in Sources */,
				C658066E22D4F6C600DB4AE3 /* ApiClientProtocol.swift in Sources */,
				C61E80AF22D5C0F6009D1566 /* BaseView.swift in Sources */,
				C61E809422D5BBE9009D1566 /* CreditScore.swift in Sources */,
				C61E807C22D5B4F6009D1566 /* CreditReportInfoEntity.swift in Sources */,
				C61E809722D5BC96009D1566 /* LoadCreditScoreUseCase.swift in Sources */,
				C61E80A022D5BE58009D1566 /* NetworkProviderProtocol.swift in Sources */,
				C61E80B822D5C1F5009D1566 /* BaseViewControllerProtocol.swift in Sources */,
				C61E808E22D5B803009D1566 /* CreditScoreProviderProtocol.swift in Sources */,
				C63CCD5122D7085F00E62EA5 /* StringExtensions.swift in Sources */,
				C61E80BF22D5C2B1009D1566 /* BasePresenterProtocol.swift in Sources */,
				C61E808C22D5B7F8009D1566 /* CreditScoreProvider.swift in Sources */,
				C658065F22D4F4A400DB4AE3 /* BaseClient.swift in Sources */,
				C658066B22D4F69A00DB4AE3 /* ApiClient.swift in Sources */,
				C6481C0D22D7975900DE6DFF /* ErrorView.swift in Sources */,
				C61E80BD22D5C29B009D1566 /* CreditScorePresenterProtocol.swift in Sources */,
				C66DD09E22D76B940031C15C /* LoadingView.swift in Sources */,
				C61E807E22D5B508009D1566 /* CoachingSummary.swift in Sources */,
				C61E80A722D5C081009D1566 /* CreditScoreViewController.swift in Sources */,
				C658063A22D4F36300DB4AE3 /* AppDelegate.swift in Sources */,
				C658067422D4F7AD00DB4AE3 /* Decoder.swift in Sources */,
				C64F189322D6524600AEE281 /* CircleView.swift in Sources */,
				C66DD09822D763610031C15C /* ColorPalette.swift in Sources */,
				C61E80B622D5C1D8009D1566 /* CreditScoreViewControllerProtocol.swift in Sources */,
				C66DD09A22D7639B0031C15C /* ColorPaletteExtensions.swift in Sources */,
				C658066922D4F57F00DB4AE3 /* APIException.swift in Sources */,
				C658066222D4F4C900DB4AE3 /* APIEndpoint.swift in Sources */,
				C658066722D4F56800DB4AE3 /* APIResponse.swift in Sources */,
				C61E80BB22D5C295009D1566 /* CreditScorePresenter.swift in Sources */,
				C64F189622D6528000AEE281 /* CGFloatExtensions.swift in Sources */,
				C66DD09C22D763B30031C15C /* UIColorExtensions.swift in Sources */,
			);
			runOnlyForDeploymentPostprocessing = 0;
		};
		C658064622D4F36400DB4AE3 /* Sources */ = {
			isa = PBXSourcesBuildPhase;
			buildActionMask = 2147483647;
			files = (
				C64631FF22D870EA0036885F /* CreditScoreViewControllerUnitTests.swift in Sources */,
			);
			runOnlyForDeploymentPostprocessing = 0;
		};
/* End PBXSourcesBuildPhase section */

/* Begin PBXTargetDependency section */
		C658064C22D4F36400DB4AE3 /* PBXTargetDependency */ = {
			isa = PBXTargetDependency;
			target = C658063522D4F36300DB4AE3 /* CreditScore */;
			targetProxy = C658064B22D4F36400DB4AE3 /* PBXContainerItemProxy */;
		};
/* End PBXTargetDependency section */

/* Begin PBXVariantGroup section */
		C63CCD4F22D707EB00E62EA5 /* Localizable.strings */ = {
			isa = PBXVariantGroup;
			children = (
				C63CCD4E22D707EB00E62EA5 /* en */,
			);
			name = Localizable.strings;
			sourceTree = "<group>";
		};
		C658063D22D4F36300DB4AE3 /* Main.storyboard */ = {
			isa = PBXVariantGroup;
			children = (
				C658063E22D4F36300DB4AE3 /* Base */,
			);
			name = Main.storyboard;
			sourceTree = "<group>";
		};
		C658064222D4F36400DB4AE3 /* LaunchScreen.storyboard */ = {
			isa = PBXVariantGroup;
			children = (
				C658064322D4F36400DB4AE3 /* Base */,
			);
			name = LaunchScreen.storyboard;
			sourceTree = "<group>";
		};
/* End PBXVariantGroup section */

/* Begin XCBuildConfiguration section */
		C658065122D4F36400DB4AE3 /* Debug */ = {
			isa = XCBuildConfiguration;
			buildSettings = {
				ALWAYS_SEARCH_USER_PATHS = NO;
				CLANG_ANALYZER_NONNULL = YES;
				CLANG_ANALYZER_NUMBER_OBJECT_CONVERSION = YES_AGGRESSIVE;
				CLANG_CXX_LANGUAGE_STANDARD = "gnu++14";
				CLANG_CXX_LIBRARY = "libc++";
				CLANG_ENABLE_MODULES = YES;
				CLANG_ENABLE_OBJC_ARC = YES;
				CLANG_ENABLE_OBJC_WEAK = YES;
				CLANG_WARN_BLOCK_CAPTURE_AUTORELEASING = YES;
				CLANG_WARN_BOOL_CONVERSION = YES;
				CLANG_WARN_COMMA = YES;
				CLANG_WARN_CONSTANT_CONVERSION = YES;
				CLANG_WARN_DEPRECATED_OBJC_IMPLEMENTATIONS = YES;
				CLANG_WARN_DIRECT_OBJC_ISA_USAGE = YES_ERROR;
				CLANG_WARN_DOCUMENTATION_COMMENTS = YES;
				CLANG_WARN_EMPTY_BODY = YES;
				CLANG_WARN_ENUM_CONVERSION = YES;
				CLANG_WARN_INFINITE_RECURSION = YES;
				CLANG_WARN_INT_CONVERSION = YES;
				CLANG_WARN_NON_LITERAL_NULL_CONVERSION = YES;
				CLANG_WARN_OBJC_IMPLICIT_RETAIN_SELF = YES;
				CLANG_WARN_OBJC_LITERAL_CONVERSION = YES;
				CLANG_WARN_OBJC_ROOT_CLASS = YES_ERROR;
				CLANG_WARN_RANGE_LOOP_ANALYSIS = YES;
				CLANG_WARN_STRICT_PROTOTYPES = YES;
				CLANG_WARN_SUSPICIOUS_MOVE = YES;
				CLANG_WARN_UNGUARDED_AVAILABILITY = YES_AGGRESSIVE;
				CLANG_WARN_UNREACHABLE_CODE = YES;
				CLANG_WARN__DUPLICATE_METHOD_MATCH = YES;
				CODE_SIGN_IDENTITY = "iPhone Developer";
				COPY_PHASE_STRIP = NO;
				DEBUG_INFORMATION_FORMAT = dwarf;
				ENABLE_STRICT_OBJC_MSGSEND = YES;
				ENABLE_TESTABILITY = YES;
				GCC_C_LANGUAGE_STANDARD = gnu11;
				GCC_DYNAMIC_NO_PIC = NO;
				GCC_NO_COMMON_BLOCKS = YES;
				GCC_OPTIMIZATION_LEVEL = 0;
				GCC_PREPROCESSOR_DEFINITIONS = (
					"DEBUG=1",
					"$(inherited)",
				);
				GCC_WARN_64_TO_32_BIT_CONVERSION = YES;
				GCC_WARN_ABOUT_RETURN_TYPE = YES_ERROR;
				GCC_WARN_UNDECLARED_SELECTOR = YES;
				GCC_WARN_UNINITIALIZED_AUTOS = YES_AGGRESSIVE;
				GCC_WARN_UNUSED_FUNCTION = YES;
				GCC_WARN_UNUSED_VARIABLE = YES;
				IPHONEOS_DEPLOYMENT_TARGET = 12.2;
				MTL_ENABLE_DEBUG_INFO = INCLUDE_SOURCE;
				MTL_FAST_MATH = YES;
				ONLY_ACTIVE_ARCH = YES;
				SDKROOT = iphoneos;
				SWIFT_ACTIVE_COMPILATION_CONDITIONS = DEBUG;
				SWIFT_OPTIMIZATION_LEVEL = "-Onone";
			};
			name = Debug;
		};
		C658065222D4F36400DB4AE3 /* Release */ = {
			isa = XCBuildConfiguration;
			buildSettings = {
				ALWAYS_SEARCH_USER_PATHS = NO;
				CLANG_ANALYZER_NONNULL = YES;
				CLANG_ANALYZER_NUMBER_OBJECT_CONVERSION = YES_AGGRESSIVE;
				CLANG_CXX_LANGUAGE_STANDARD = "gnu++14";
				CLANG_CXX_LIBRARY = "libc++";
				CLANG_ENABLE_MODULES = YES;
				CLANG_ENABLE_OBJC_ARC = YES;
				CLANG_ENABLE_OBJC_WEAK = YES;
				CLANG_WARN_BLOCK_CAPTURE_AUTORELEASING = YES;
				CLANG_WARN_BOOL_CONVERSION = YES;
				CLANG_WARN_COMMA = YES;
				CLANG_WARN_CONSTANT_CONVERSION = YES;
				CLANG_WARN_DEPRECATED_OBJC_IMPLEMENTATIONS = YES;
				CLANG_WARN_DIRECT_OBJC_ISA_USAGE = YES_ERROR;
				CLANG_WARN_DOCUMENTATION_COMMENTS = YES;
				CLANG_WARN_EMPTY_BODY = YES;
				CLANG_WARN_ENUM_CONVERSION = YES;
				CLANG_WARN_INFINITE_RECURSION = YES;
				CLANG_WARN_INT_CONVERSION = YES;
				CLANG_WARN_NON_LITERAL_NULL_CONVERSION = YES;
				CLANG_WARN_OBJC_IMPLICIT_RETAIN_SELF = YES;
				CLANG_WARN_OBJC_LITERAL_CONVERSION = YES;
				CLANG_WARN_OBJC_ROOT_CLASS = YES_ERROR;
				CLANG_WARN_RANGE_LOOP_ANALYSIS = YES;
				CLANG_WARN_STRICT_PROTOTYPES = YES;
				CLANG_WARN_SUSPICIOUS_MOVE = YES;
				CLANG_WARN_UNGUARDED_AVAILABILITY = YES_AGGRESSIVE;
				CLANG_WARN_UNREACHABLE_CODE = YES;
				CLANG_WARN__DUPLICATE_METHOD_MATCH = YES;
				CODE_SIGN_IDENTITY = "iPhone Developer";
				COPY_PHASE_STRIP = NO;
				DEBUG_INFORMATION_FORMAT = "dwarf-with-dsym";
				ENABLE_NS_ASSERTIONS = NO;
				ENABLE_STRICT_OBJC_MSGSEND = YES;
				GCC_C_LANGUAGE_STANDARD = gnu11;
				GCC_NO_COMMON_BLOCKS = YES;
				GCC_WARN_64_TO_32_BIT_CONVERSION = YES;
				GCC_WARN_ABOUT_RETURN_TYPE = YES_ERROR;
				GCC_WARN_UNDECLARED_SELECTOR = YES;
				GCC_WARN_UNINITIALIZED_AUTOS = YES_AGGRESSIVE;
				GCC_WARN_UNUSED_FUNCTION = YES;
				GCC_WARN_UNUSED_VARIABLE = YES;
				IPHONEOS_DEPLOYMENT_TARGET = 12.2;
				MTL_ENABLE_DEBUG_INFO = NO;
				MTL_FAST_MATH = YES;
				SDKROOT = iphoneos;
				SWIFT_COMPILATION_MODE = wholemodule;
				SWIFT_OPTIMIZATION_LEVEL = "-O";
				VALIDATE_PRODUCT = YES;
			};
			name = Release;
		};
		C658065422D4F36400DB4AE3 /* Debug */ = {
			isa = XCBuildConfiguration;
			baseConfigurationReference = 5D0DD85CFB5DCCF7B5A4ADBE /* Pods-CreditScore.debug.xcconfig */;
			buildSettings = {
				ASSETCATALOG_COMPILER_APPICON_NAME = AppIcon;
				CODE_SIGN_STYLE = Automatic;
				DEVELOPMENT_TEAM = M667V6C73H;
				INFOPLIST_FILE = CreditScore/Info.plist;
				LD_RUNPATH_SEARCH_PATHS = (
					"$(inherited)",
					"@executable_path/Frameworks",
				);
				PRODUCT_BUNDLE_IDENTIFIER = com.jordigamez.CreditScore;
				PRODUCT_NAME = "$(TARGET_NAME)";
				SWIFT_VERSION = 5.0;
				TARGETED_DEVICE_FAMILY = "1,2";
			};
			name = Debug;
		};
		C658065522D4F36400DB4AE3 /* Release */ = {
			isa = XCBuildConfiguration;
			baseConfigurationReference = 15D4705292316C5D1B59343D /* Pods-CreditScore.release.xcconfig */;
			buildSettings = {
				ASSETCATALOG_COMPILER_APPICON_NAME = AppIcon;
				CODE_SIGN_STYLE = Automatic;
				DEVELOPMENT_TEAM = M667V6C73H;
				INFOPLIST_FILE = CreditScore/Info.plist;
				LD_RUNPATH_SEARCH_PATHS = (
					"$(inherited)",
					"@executable_path/Frameworks",
				);
				PRODUCT_BUNDLE_IDENTIFIER = com.jordigamez.CreditScore;
				PRODUCT_NAME = "$(TARGET_NAME)";
				SWIFT_VERSION = 5.0;
				TARGETED_DEVICE_FAMILY = "1,2";
			};
			name = Release;
		};
		C658065722D4F36400DB4AE3 /* Debug */ = {
			isa = XCBuildConfiguration;
			baseConfigurationReference = 6C274F4C34479C7BB235AF9F /* Pods-CreditScoreTests.debug.xcconfig */;
			buildSettings = {
				ALWAYS_EMBED_SWIFT_STANDARD_LIBRARIES = YES;
				BUNDLE_LOADER = "$(TEST_HOST)";
				CLANG_ENABLE_MODULES = YES;
				CODE_SIGN_STYLE = Automatic;
				DEVELOPMENT_TEAM = M667V6C73H;
				INFOPLIST_FILE = CreditScoreTests/Info.plist;
				LD_RUNPATH_SEARCH_PATHS = (
					"$(inherited)",
					"@executable_path/Frameworks",
					"@loader_path/Frameworks",
				);
				PRODUCT_BUNDLE_IDENTIFIER = com.jordigamez.CreditScoreTests;
				PRODUCT_NAME = "$(TARGET_NAME)";
				SWIFT_OPTIMIZATION_LEVEL = "-Onone";
				SWIFT_VERSION = 5.0;
				TARGETED_DEVICE_FAMILY = "1,2";
				TEST_HOST = "$(BUILT_PRODUCTS_DIR)/CreditScore.app/CreditScore";
			};
			name = Debug;
		};
		C658065822D4F36400DB4AE3 /* Release */ = {
			isa = XCBuildConfiguration;
			baseConfigurationReference = EC8A9209CA72FF82A45ECE70 /* Pods-CreditScoreTests.release.xcconfig */;
			buildSettings = {
				ALWAYS_EMBED_SWIFT_STANDARD_LIBRARIES = YES;
				BUNDLE_LOADER = "$(TEST_HOST)";
				CLANG_ENABLE_MODULES = YES;
				CODE_SIGN_STYLE = Automatic;
				DEVELOPMENT_TEAM = M667V6C73H;
				INFOPLIST_FILE = CreditScoreTests/Info.plist;
				LD_RUNPATH_SEARCH_PATHS = (
					"$(inherited)",
					"@executable_path/Frameworks",
					"@loader_path/Frameworks",
				);
				PRODUCT_BUNDLE_IDENTIFIER = com.jordigamez.CreditScoreTests;
				PRODUCT_NAME = "$(TARGET_NAME)";
				SWIFT_VERSION = 5.0;
				TARGETED_DEVICE_FAMILY = "1,2";
				TEST_HOST = "$(BUILT_PRODUCTS_DIR)/CreditScore.app/CreditScore";
			};
			name = Release;
		};
/* End XCBuildConfiguration section */

/* Begin XCConfigurationList section */
		C658063122D4F36300DB4AE3 /* Build configuration list for PBXProject "CreditScore" */ = {
			isa = XCConfigurationList;
			buildConfigurations = (
				C658065122D4F36400DB4AE3 /* Debug */,
				C658065222D4F36400DB4AE3 /* Release */,
			);
			defaultConfigurationIsVisible = 0;
			defaultConfigurationName = Release;
		};
		C658065322D4F36400DB4AE3 /* Build configuration list for PBXNativeTarget "CreditScore" */ = {
			isa = XCConfigurationList;
			buildConfigurations = (
				C658065422D4F36400DB4AE3 /* Debug */,
				C658065522D4F36400DB4AE3 /* Release */,
			);
			defaultConfigurationIsVisible = 0;
			defaultConfigurationName = Release;
		};
		C658065622D4F36400DB4AE3 /* Build configuration list for PBXNativeTarget "CreditScoreTests" */ = {
			isa = XCConfigurationList;
			buildConfigurations = (
				C658065722D4F36400DB4AE3 /* Debug */,
				C658065822D4F36400DB4AE3 /* Release */,
			);
			defaultConfigurationIsVisible = 0;
			defaultConfigurationName = Release;
		};
/* End XCConfigurationList section */
	};
	rootObject = C658062E22D4F36300DB4AE3 /* Project object */;
}
